
Microsoft Visual Studio Solution File, Format Version 12.00
# Visual Studio Version 17
VisualStudioVersion = 17.5.002.0
MinimumVisualStudioVersion = 10.0.40219.1
Project("{2150E333-8FDC-42A3-9474-1A3956D46DE8}") = "src", "src", "{66A305DF-89D5-4608-A02E-4B11A991FD78}"
EndProject
Project("{2150E333-8FDC-42A3-9474-1A3956D46DE8}") = "tests", "tests", "{9A70C96A-8686-4A6B-837F-8F36D195F93C}"
EndProject
Project("{FAE04EC0-301F-11D3-BF4B-00C04F79EFBC}") = "ServiceTests", "tests\ServiceTests\ServiceTests.csproj", "{A755D5FB-C4C0-48FD-A82C-1743E5C44062}"
EndProject
Project("{FAE04EC0-301F-11D3-BF4B-00C04F79EFBC}") = "UnitTests", "tests\UnitTests\UnitTests.csproj", "{EF40F461-76E0-4557-9007-A4CC38DA77B2}"
EndProject
Project("{FAE04EC0-301F-11D3-BF4B-00C04F79EFBC}") = "Api", "src\Api\Api.csproj", "{37E440A6-26A2-488A-BC94-CD732AD79D0A}"
EndProject
Project("{FAE04EC0-301F-11D3-BF4B-00C04F79EFBC}") = "Core", "src\Core\Core.csproj", "{6B22A258-E01A-4C0F-AFA5-F3A2BB485CC4}"
EndProject
Project("{FAE04EC0-301F-11D3-BF4B-00C04F79EFBC}") = "Infrastructure", "src\Infrastructure\Infrastructure.csproj", "{F063BCB6-88DB-490F-A58C-33CF30AD9419}"
EndProject
Project("{FAE04EC0-301F-11D3-BF4B-00C04F79EFBC}") = "Wiremock", "tests\Wiremock\Wiremock.csproj", "{8069AD0D-E455-41E2-B512-BAE675D07A2D}"
EndProject
Global
	GlobalSection(SolutionConfigurationPlatforms) = preSolution
		Debug|Any CPU = Debug|Any CPU
		Release|Any CPU = Release|Any CPU
	EndGlobalSection
	GlobalSection(ProjectConfigurationPlatforms) = postSolution
		{A755D5FB-C4C0-48FD-A82C-1743E5C44062}.Debug|Any CPU.ActiveCfg = Debug|Any CPU
		{A755D5FB-C4C0-48FD-A82C-1743E5C44062}.Debug|Any CPU.Build.0 = Debug|Any CPU
		{A755D5FB-C4C0-48FD-A82C-1743E5C44062}.Release|Any CPU.ActiveCfg = Release|Any CPU
		{A755D5FB-C4C0-48FD-A82C-1743E5C44062}.Release|Any CPU.Build.0 = Release|Any CPU
		{EF40F461-76E0-4557-9007-A4CC38DA77B2}.Debug|Any CPU.ActiveCfg = Debug|Any CPU
		{EF40F461-76E0-4557-9007-A4CC38DA77B2}.Debug|Any CPU.Build.0 = Debug|Any CPU
		{EF40F461-76E0-4557-9007-A4CC38DA77B2}.Release|Any CPU.ActiveCfg = Release|Any CPU
		{EF40F461-76E0-4557-9007-A4CC38DA77B2}.Release|Any CPU.Build.0 = Release|Any CPU
		{37E440A6-26A2-488A-BC94-CD732AD79D0A}.Debug|Any CPU.ActiveCfg = Debug|Any CPU
		{37E440A6-26A2-488A-BC94-CD732AD79D0A}.Debug|Any CPU.Build.0 = Debug|Any CPU
		{37E440A6-26A2-488A-BC94-CD732AD79D0A}.Release|Any CPU.ActiveCfg = Release|Any CPU
		{37E440A6-26A2-488A-BC94-CD732AD79D0A}.Release|Any CPU.Build.0 = Release|Any CPU
		{6B22A258-E01A-4C0F-AFA5-F3A2BB485CC4}.Debug|Any CPU.ActiveCfg = Debug|Any CPU
		{6B22A258-E01A-4C0F-AFA5-F3A2BB485CC4}.Debug|Any CPU.Build.0 = Debug|Any CPU
		{6B22A258-E01A-4C0F-AFA5-F3A2BB485CC4}.Release|Any CPU.ActiveCfg = Release|Any CPU
		{6B22A258-E01A-4C0F-AFA5-F3A2BB485CC4}.Release|Any CPU.Build.0 = Release|Any CPU
		{F063BCB6-88DB-490F-A58C-33CF30AD9419}.Debug|Any CPU.ActiveCfg = Debug|Any CPU
		{F063BCB6-88DB-490F-A58C-33CF30AD9419}.Debug|Any CPU.Build.0 = Debug|Any CPU
		{F063BCB6-88DB-490F-A58C-33CF30AD9419}.Release|Any CPU.ActiveCfg = Release|Any CPU
		{F063BCB6-88DB-490F-A58C-33CF30AD9419}.Release|Any CPU.Build.0 = Release|Any CPU
		{8069AD0D-E455-41E2-B512-BAE675D07A2D}.Debug|Any CPU.ActiveCfg = Debug|Any CPU
		{8069AD0D-E455-41E2-B512-BAE675D07A2D}.Debug|Any CPU.Build.0 = Debug|Any CPU
		{8069AD0D-E455-41E2-B512-BAE675D07A2D}.Release|Any CPU.ActiveCfg = Release|Any CPU
		{8069AD0D-E455-41E2-B512-BAE675D07A2D}.Release|Any CPU.Build.0 = Release|Any CPU
	EndGlobalSection
	GlobalSection(SolutionProperties) = preSolution
		HideSolutionNode = FALSE
	EndGlobalSection
	GlobalSection(NestedProjects) = preSolution
		{A755D5FB-C4C0-48FD-A82C-1743E5C44062} = {9A70C96A-8686-4A6B-837F-8F36D195F93C}
		{EF40F461-76E0-4557-9007-A4CC38DA77B2} = {9A70C96A-8686-4A6B-837F-8F36D195F93C}
		{37E440A6-26A2-488A-BC94-CD732AD79D0A} = {66A305DF-89D5-4608-A02E-4B11A991FD78}
		{6B22A258-E01A-4C0F-AFA5-F3A2BB485CC4} = {66A305DF-89D5-4608-A02E-4B11A991FD78}
		{F063BCB6-88DB-490F-A58C-33CF30AD9419} = {66A305DF-89D5-4608-A02E-4B11A991FD78}
		{8069AD0D-E455-41E2-B512-BAE675D07A2D} = {9A70C96A-8686-4A6B-837F-8F36D195F93C}
	EndGlobalSection
	GlobalSection(ExtensibilityGlobals) = postSolution
		SolutionGuid = {37B096B9-42BA-484D-9326-86946566BB77}
	EndGlobalSection
EndGlobal
